
Microsoft Visual Studio Solution File, Format Version 12.00
# Visual Studio Version 17
VisualStudioVersion = 17.0.31919.166
MinimumVisualStudioVersion = 10.0.40219.1
Project("{2150E333-8FDC-42A3-9474-1A3956D46DE8}") = "src", "src", "{DFB39AC8-CD22-43F6-918D-CC6CB8EAB23A}"
EndProject
Project("{9A19103F-16F7-4668-BE54-9A1E7A4F7556}") = "Application", "Application\Application.csproj", "{EF07863B-8966-4011-BA1A-11EFE4A69179}"
EndProject
Project("{9A19103F-16F7-4668-BE54-9A1E7A4F7556}") = "Domain", "Domain\Domain.csproj", "{B0D437D5-9659-4B31-A38C-889D73EEAA78}"
EndProject
Project("{9A19103F-16F7-4668-BE54-9A1E7A4F7556}") = "Infrastructure", "Infrastructure\Infrastructure.csproj", "{243FB029-BAB5-47A0-A31A-619663C8B108}"
EndProject
Project("{9A19103F-16F7-4668-BE54-9A1E7A4F7556}") = "EducationalForms.UI", "EducationalForms.UI\EducationalForms.UI.csproj", "{150555A0-7DC4-4C60-A6E4-F49820CAAEE7}"
EndProject
Global
	GlobalSection(SolutionConfigurationPlatforms) = preSolution
		Debug|Any CPU = Debug|Any CPU
		Release|Any CPU = Release|Any CPU
	EndGlobalSection
	GlobalSection(ProjectConfigurationPlatforms) = postSolution
		{EF07863B-8966-4011-BA1A-11EFE4A69179}.Debug|Any CPU.ActiveCfg = Debug|Any CPU
		{EF07863B-8966-4011-BA1A-11EFE4A69179}.Debug|Any CPU.Build.0 = Debug|Any CPU
		{EF07863B-8966-4011-BA1A-11EFE4A69179}.Release|Any CPU.ActiveCfg = Release|Any CPU
		{EF07863B-8966-4011-BA1A-11EFE4A69179}.Release|Any CPU.Build.0 = Release|Any CPU
		{B0D437D5-9659-4B31-A38C-889D73EEAA78}.Debug|Any CPU.ActiveCfg = Debug|Any CPU
		{B0D437D5-9659-4B31-A38C-889D73EEAA78}.Debug|Any CPU.Build.0 = Debug|Any CPU
		{B0D437D5-9659-4B31-A38C-889D73EEAA78}.Release|Any CPU.ActiveCfg = Release|Any CPU
		{B0D437D5-9659-4B31-A38C-889D73EEAA78}.Release|Any CPU.Build.0 = Release|Any CPU
		{243FB029-BAB5-47A0-A31A-619663C8B108}.Debug|Any CPU.ActiveCfg = Debug|Any CPU
		{243FB029-BAB5-47A0-A31A-619663C8B108}.Debug|Any CPU.Build.0 = Debug|Any CPU
		{243FB029-BAB5-47A0-A31A-619663C8B108}.Release|Any CPU.ActiveCfg = Release|Any CPU
		{243FB029-BAB5-47A0-A31A-619663C8B108}.Release|Any CPU.Build.0 = Release|Any CPU
		{150555A0-7DC4-4C60-A6E4-F49820CAAEE7}.Debug|Any CPU.ActiveCfg = Debug|Any CPU
		{150555A0-7DC4-4C60-A6E4-F49820CAAEE7}.Debug|Any CPU.Build.0 = Debug|Any CPU
		{150555A0-7DC4-4C60-A6E4-F49820CAAEE7}.Release|Any CPU.ActiveCfg = Release|Any CPU
		{150555A0-7DC4-4C60-A6E4-F49820CAAEE7}.Release|Any CPU.Build.0 = Release|Any CPU
	EndGlobalSection
	GlobalSection(SolutionProperties) = preSolution
		HideSolutionNode = FALSE
	EndGlobalSection
	GlobalSection(NestedProjects) = preSolution
		{EF07863B-8966-4011-BA1A-11EFE4A69179} = {DFB39AC8-CD22-43F6-918D-CC6CB8EAB23A}
		{B0D437D5-9659-4B31-A38C-889D73EEAA78} = {DFB39AC8-CD22-43F6-918D-CC6CB8EAB23A}
		{243FB029-BAB5-47A0-A31A-619663C8B108} = {DFB39AC8-CD22-43F6-918D-CC6CB8EAB23A}
		{150555A0-7DC4-4C60-A6E4-F49820CAAEE7} = {DFB39AC8-CD22-43F6-918D-CC6CB8EAB23A}
	EndGlobalSection
	GlobalSection(ExtensibilityGlobals) = postSolution
		SolutionGuid = {2D5DC6BA-8F4F-4DCF-9BCF-25A70D39E667}
	EndGlobalSection
EndGlobal
